
Microsoft Visual Studio Solution File, Format Version 12.00
# Visual Studio Version 17
VisualStudioVersion = 17.5.33516.290
MinimumVisualStudioVersion = 10.0.40219.1
Project("{FAE04EC0-301F-11D3-BF4B-00C04F79EFBC}") = "LoggingAndLogMonitoring.Api", "LoggingAndLogMonitoring.Api\LoggingAndLogMonitoring.Api.csproj", "{72DBFF79-C630-43FD-BC85-D08676CC4261}"
EndProject
Project("{FAE04EC0-301F-11D3-BF4B-00C04F79EFBC}") = "LoggingAndLogMonitoring.Data", "LoggingAndLogMonitoring.Data\LoggingAndLogMonitoring.Data.csproj", "{791F74C7-50A5-4E2B-958D-F4844A59AF2B}"
EndProject
Project("{FAE04EC0-301F-11D3-BF4B-00C04F79EFBC}") = "LoggingAndLogMonitoring.Domain", "LoggingAndLogMonitoring.Domain\LoggingAndLogMonitoring.Domain.csproj", "{13DF5428-206B-4505-88E9-F8A336FE8BEB}"
EndProject
Global
	GlobalSection(SolutionConfigurationPlatforms) = preSolution
		Debug|Any CPU = Debug|Any CPU
		Release|Any CPU = Release|Any CPU
	EndGlobalSection
	GlobalSection(ProjectConfigurationPlatforms) = postSolution
		{72DBFF79-C630-43FD-BC85-D08676CC4261}.Debug|Any CPU.ActiveCfg = Debug|Any CPU
		{72DBFF79-C630-43FD-BC85-D08676CC4261}.Debug|Any CPU.Build.0 = Debug|Any CPU
		{72DBFF79-C630-43FD-BC85-D08676CC4261}.Release|Any CPU.ActiveCfg = Release|Any CPU
		{72DBFF79-C630-43FD-BC85-D08676CC4261}.Release|Any CPU.Build.0 = Release|Any CPU
		{791F74C7-50A5-4E2B-958D-F4844A59AF2B}.Debug|Any CPU.ActiveCfg = Debug|Any CPU
		{791F74C7-50A5-4E2B-958D-F4844A59AF2B}.Debug|Any CPU.Build.0 = Debug|Any CPU
		{791F74C7-50A5-4E2B-958D-F4844A59AF2B}.Release|Any CPU.ActiveCfg = Release|Any CPU
		{791F74C7-50A5-4E2B-958D-F4844A59AF2B}.Release|Any CPU.Build.0 = Release|Any CPU
		{13DF5428-206B-4505-88E9-F8A336FE8BEB}.Debug|Any CPU.ActiveCfg = Debug|Any CPU
		{13DF5428-206B-4505-88E9-F8A336FE8BEB}.Debug|Any CPU.Build.0 = Debug|Any CPU
		{13DF5428-206B-4505-88E9-F8A336FE8BEB}.Release|Any CPU.ActiveCfg = Release|Any CPU
		{13DF5428-206B-4505-88E9-F8A336FE8BEB}.Release|Any CPU.Build.0 = Release|Any CPU
	EndGlobalSection
	GlobalSection(SolutionProperties) = preSolution
		HideSolutionNode = FALSE
	EndGlobalSection
	GlobalSection(ExtensibilityGlobals) = postSolution
		SolutionGuid = {54CE8EC9-22E8-43E4-960A-C849381C1009}
	EndGlobalSection
EndGlobal
